
Microsoft Visual Studio Solution File, Format Version 12.00
# Visual Studio Version 17
VisualStudioVersion = 17.8.34330.188
MinimumVisualStudioVersion = 10.0.40219.1
Project("{9A19103F-16F7-4668-BE54-9A1E7A4F7556}") = "Thread", "Thread\Thread.csproj", "{12063C94-A1B3-4C1F-8351-3196B8D3EDF0}"
EndProject
Project("{FAE04EC0-301F-11D3-BF4B-00C04F79EFBC}") = "ThreadSynchronization-BlockingSynchronization", "ThreadSynchronization-BlockingSynchronization\ThreadSynchronization-BlockingSynchronization.csproj", "{00F2A866-DC16-40B7-A60F-D11F9E925B2E}"
EndProject
Global
	GlobalSection(SolutionConfigurationPlatforms) = preSolution
		Debug|Any CPU = Debug|Any CPU
		Release|Any CPU = Release|Any CPU
	EndGlobalSection
	GlobalSection(ProjectConfigurationPlatforms) = postSolution
		{12063C94-A1B3-4C1F-8351-3196B8D3EDF0}.Debug|Any CPU.ActiveCfg = Debug|Any CPU
		{12063C94-A1B3-4C1F-8351-3196B8D3EDF0}.Debug|Any CPU.Build.0 = Debug|Any CPU
		{12063C94-A1B3-4C1F-8351-3196B8D3EDF0}.Release|Any CPU.ActiveCfg = Release|Any CPU
		{12063C94-A1B3-4C1F-8351-3196B8D3EDF0}.Release|Any CPU.Build.0 = Release|Any CPU
		{00F2A866-DC16-40B7-A60F-D11F9E925B2E}.Debug|Any CPU.ActiveCfg = Debug|Any CPU
		{00F2A866-DC16-40B7-A60F-D11F9E925B2E}.Debug|Any CPU.Build.0 = Debug|Any CPU
		{00F2A866-DC16-40B7-A60F-D11F9E925B2E}.Release|Any CPU.ActiveCfg = Release|Any CPU
		{00F2A866-DC16-40B7-A60F-D11F9E925B2E}.Release|Any CPU.Build.0 = Release|Any CPU
	EndGlobalSection
	GlobalSection(SolutionProperties) = preSolution
		HideSolutionNode = FALSE
	EndGlobalSection
	GlobalSection(ExtensibilityGlobals) = postSolution
		SolutionGuid = {FD7B85A3-72A6-4F1A-A2DF-17973B84605E}
	EndGlobalSection
EndGlobal
